// !$*UTF8*$!
{
	archiveVersion = 1;
	classes = {
	};
	objectVersion = 60;
	objects = {

/* Begin PBXBuildFile section */
		BB01CADB2C4089EC0032F668 /* Launch Screen.storyboard in Resources */ = {isa = PBXBuildFile; fileRef = BB01CADA2C4089EC0032F668 /* Launch Screen.storyboard */; };
		BBEE86562C3F430F00B0070E /* Preview Assets.xcassets in Resources */ = {isa = PBXBuildFile; fileRef = BBEE864F2C3F430F00B0070E /* Preview Assets.xcassets */; };
		BBEE86572C3F430F00B0070E /* Assets.xcassets in Resources */ = {isa = PBXBuildFile; fileRef = BBEE86512C3F430F00B0070E /* Assets.xcassets */; };
		BBEE86582C3F430F00B0070E /* Introduction.swift in Sources */ = {isa = PBXBuildFile; fileRef = BBEE86522C3F430F00B0070E /* Introduction.swift */; };
		BBEE86592C3F430F00B0070E /* MeshGradientsApp.swift in Sources */ = {isa = PBXBuildFile; fileRef = BBEE86532C3F430F00B0070E /* MeshGradientsApp.swift */; };
		BBEE865A2C3F430F00B0070E /* StartTab.swift in Sources */ = {isa = PBXBuildFile; fileRef = BBEE86542C3F430F00B0070E /* StartTab.swift */; };
		BBEE866A2C3F8AA000B0070E /* Experiment.swift in Sources */ = {isa = PBXBuildFile; fileRef = BBEE86692C3F8AA000B0070E /* Experiment.swift */; };
		BBEE866C2C3F9A3F00B0070E /* AnimationDemoView.swift in Sources */ = {isa = PBXBuildFile; fileRef = BBEE866B2C3F9A3F00B0070E /* AnimationDemoView.swift */; };
		BBEE866E2C3F9EF700B0070E /* CustomBackgrounds.swift in Sources */ = {isa = PBXBuildFile; fileRef = BBEE866D2C3F9EF700B0070E /* CustomBackgrounds.swift */; };
/* End PBXBuildFile section */

/* Begin PBXFileReference section */
		BB01CADA2C4089EC0032F668 /* Launch Screen.storyboard */ = {isa = PBXFileReference; lastKnownFileType = file.storyboard; path = "Launch Screen.storyboard"; sourceTree = "<group>"; };
		BBEE863A2C3F3D1800B0070E /* MeshGradients.app */ = {isa = PBXFileReference; explicitFileType = wrapper.application; includeInIndex = 0; path = MeshGradients.app; sourceTree = BUILT_PRODUCTS_DIR; };
		BBEE864F2C3F430F00B0070E /* Preview Assets.xcassets */ = {isa = PBXFileReference; lastKnownFileType = folder.assetcatalog; path = "Preview Assets.xcassets"; sourceTree = "<group>"; };
		BBEE86512C3F430F00B0070E /* Assets.xcassets */ = {isa = PBXFileReference; lastKnownFileType = folder.assetcatalog; path = Assets.xcassets; sourceTree = "<group>"; };
		BBEE86522C3F430F00B0070E /* Introduction.swift */ = {isa = PBXFileReference; lastKnownFileType = sourcecode.swift; path = Introduction.swift; sourceTree = "<group>"; };
		BBEE86532C3F430F00B0070E /* MeshGradientsApp.swift */ = {isa = PBXFileReference; lastKnownFileType = sourcecode.swift; path = MeshGradientsApp.swift; sourceTree = "<group>"; };
		BBEE86542C3F430F00B0070E /* StartTab.swift */ = {isa = PBXFileReference; lastKnownFileType = sourcecode.swift; path = StartTab.swift; sourceTree = "<group>"; };
		BBEE86692C3F8AA000B0070E /* Experiment.swift */ = {isa = PBXFileReference; lastKnownFileType = sourcecode.swift; path = Experiment.swift; sourceTree = "<group>"; };
		BBEE866B2C3F9A3F00B0070E /* AnimationDemoView.swift */ = {isa = PBXFileReference; lastKnownFileType = sourcecode.swift; path = AnimationDemoView.swift; sourceTree = "<group>"; };
		BBEE866D2C3F9EF700B0070E /* CustomBackgrounds.swift */ = {isa = PBXFileReference; lastKnownFileType = sourcecode.swift; path = CustomBackgrounds.swift; sourceTree = "<group>"; };
/* End PBXFileReference section */

/* Begin PBXFrameworksBuildPhase section */
		BBEE86372C3F3D1800B0070E /* Frameworks */ = {
			isa = PBXFrameworksBuildPhase;
			buildActionMask = 2147483647;
			files = (
			);
			runOnlyForDeploymentPostprocessing = 0;
		};
/* End PBXFrameworksBuildPhase section */

/* Begin PBXGroup section */
		BBEE86312C3F3D1800B0070E = {
			isa = PBXGroup;
			children = (
				BBEE86552C3F430F00B0070E /* MeshGradients */,
				BBEE863B2C3F3D1800B0070E /* Products */,
			);
			sourceTree = "<group>";
		};
		BBEE863B2C3F3D1800B0070E /* Products */ = {
			isa = PBXGroup;
			children = (
				BBEE863A2C3F3D1800B0070E /* MeshGradients.app */,
			);
			name = Products;
			sourceTree = "<group>";
		};
		BBEE86502C3F430F00B0070E /* Preview Content */ = {
			isa = PBXGroup;
			children = (
				BBEE864F2C3F430F00B0070E /* Preview Assets.xcassets */,
			);
			path = "Preview Content";
			sourceTree = "<group>";
		};
		BBEE86552C3F430F00B0070E /* MeshGradients */ = {
			isa = PBXGroup;
			children = (
				BBEE86532C3F430F00B0070E /* MeshGradientsApp.swift */,
				BBEE86542C3F430F00B0070E /* StartTab.swift */,
				BBEE86522C3F430F00B0070E /* Introduction.swift */,
				BBEE86692C3F8AA000B0070E /* Experiment.swift */,
				BBEE866B2C3F9A3F00B0070E /* AnimationDemoView.swift */,
				BBEE866D2C3F9EF700B0070E /* CustomBackgrounds.swift */,
				BB01CADA2C4089EC0032F668 /* Launch Screen.storyboard */,
				BBEE86502C3F430F00B0070E /* Preview Content */,
				BBEE86512C3F430F00B0070E /* Assets.xcassets */,
			);
			path = MeshGradients;
			sourceTree = "<group>";
		};
/* End PBXGroup section */

/* Begin PBXNativeTarget section */
		BBEE86392C3F3D1800B0070E /* MeshGradients */ = {
			isa = PBXNativeTarget;
			buildConfigurationList = BBEE86482C3F3D1900B0070E /* Build configuration list for PBXNativeTarget "MeshGradients" */;
			buildPhases = (
				BBEE86362C3F3D1800B0070E /* Sources */,
				BBEE86372C3F3D1800B0070E /* Frameworks */,
				BBEE86382C3F3D1800B0070E /* Resources */,
			);
			buildRules = (
			);
			dependencies = (
			);
			name = MeshGradients;
			packageProductDependencies = (
			);
			productName = MeshGradients;
			productReference = BBEE863A2C3F3D1800B0070E /* MeshGradients.app */;
			productType = "com.apple.product-type.application";
		};
/* End PBXNativeTarget section */

/* Begin PBXProject section */
		BBEE86322C3F3D1800B0070E /* Project object */ = {
			isa = PBXProject;
			attributes = {
				BuildIndependentTargetsInParallel = 1;
				LastSwiftUpdateCheck = 1600;
				LastUpgradeCheck = 1600;
				TargetAttributes = {
					BBEE86392C3F3D1800B0070E = {
						CreatedOnToolsVersion = 16.0;
					};
				};
			};
			buildConfigurationList = BBEE86352C3F3D1800B0070E /* Build configuration list for PBXProject "MeshGradients" */;
			compatibilityVersion = "Xcode 15.0";
			developmentRegion = en;
			hasScannedForEncodings = 0;
			knownRegions = (
				en,
				Base,
			);
			mainGroup = BBEE86312C3F3D1800B0070E;
			productRefGroup = BBEE863B2C3F3D1800B0070E /* Products */;
			projectDirPath = "";
			projectRoot = "";
			targets = (
				BBEE86392C3F3D1800B0070E /* MeshGradients */,
			);
		};
/* End PBXProject section */

/* Begin PBXResourcesBuildPhase section */
		BBEE86382C3F3D1800B0070E /* Resources */ = {
			isa = PBXResourcesBuildPhase;
			buildActionMask = 2147483647;
			files = (
				BB01CADB2C4089EC0032F668 /* Launch Screen.storyboard in Resources */,
				BBEE86562C3F430F00B0070E /* Preview Assets.xcassets in Resources */,
				BBEE86572C3F430F00B0070E /* Assets.xcassets in Resources */,
			);
			runOnlyForDeploymentPostprocessing = 0;
		};
/* End PBXResourcesBuildPhase section */

/* Begin PBXSourcesBuildPhase section */
		BBEE86362C3F3D1800B0070E /* Sources */ = {
			isa = PBXSourcesBuildPhase;
			buildActionMask = 2147483647;
			files = (
				BBEE866A2C3F8AA000B0070E /* Experiment.swift in Sources */,
				BBEE866C2C3F9A3F00B0070E /* AnimationDemoView.swift in Sources */,
				BBEE86582C3F430F00B0070E /* Introduction.swift in Sources */,
				BBEE86592C3F430F00B0070E /* MeshGradientsApp.swift in Sources */,
				BBEE866E2C3F9EF700B0070E /* CustomBackgrounds.swift in Sources */,
				BBEE865A2C3F430F00B0070E /* StartTab.swift in Sources */,
			);
			runOnlyForDeploymentPostprocessing = 0;
		};
/* End PBXSourcesBuildPhase section */

/* Begin XCBuildConfiguration section */
		BBEE86462C3F3D1900B0070E /* Debug */ = {
			isa = XCBuildConfiguration;
			buildSettings = {
				ALWAYS_SEARCH_USER_PATHS = NO;
				ASSETCATALOG_COMPILER_GENERATE_SWIFT_ASSET_SYMBOL_EXTENSIONS = YES;
				CLANG_ANALYZER_NONNULL = YES;
				CLANG_ANALYZER_NUMBER_OBJECT_CONVERSION = YES_AGGRESSIVE;
				CLANG_CXX_LANGUAGE_STANDARD = "gnu++20";
				CLANG_ENABLE_MODULES = YES;
				CLANG_ENABLE_OBJC_ARC = YES;
				CLANG_ENABLE_OBJC_WEAK = YES;
				CLANG_WARN_BLOCK_CAPTURE_AUTORELEASING = YES;
				CLANG_WARN_BOOL_CONVERSION = YES;
				CLANG_WARN_COMMA = YES;
				CLANG_WARN_CONSTANT_CONVERSION = YES;
				CLANG_WARN_DEPRECATED_OBJC_IMPLEMENTATIONS = YES;
				CLANG_WARN_DIRECT_OBJC_ISA_USAGE = YES_ERROR;
				CLANG_WARN_DOCUMENTATION_COMMENTS = YES;
				CLANG_WARN_EMPTY_BODY = YES;
				CLANG_WARN_ENUM_CONVERSION = YES;
				CLANG_WARN_INFINITE_RECURSION = YES;
				CLANG_WARN_INT_CONVERSION = YES;
				CLANG_WARN_NON_LITERAL_NULL_CONVERSION = YES;
				CLANG_WARN_OBJC_IMPLICIT_RETAIN_SELF = YES;
				CLANG_WARN_OBJC_LITERAL_CONVERSION = YES;
				CLANG_WARN_OBJC_ROOT_CLASS = YES_ERROR;
				CLANG_WARN_QUOTED_INCLUDE_IN_FRAMEWORK_HEADER = YES;
				CLANG_WARN_RANGE_LOOP_ANALYSIS = YES;
				CLANG_WARN_STRICT_PROTOTYPES = YES;
				CLANG_WARN_SUSPICIOUS_MOVE = YES;
				CLANG_WARN_UNGUARDED_AVAILABILITY = YES_AGGRESSIVE;
				CLANG_WARN_UNREACHABLE_CODE = YES;
				CLANG_WARN__DUPLICATE_METHOD_MATCH = YES;
				COPY_PHASE_STRIP = NO;
				DEBUG_INFORMATION_FORMAT = dwarf;
				ENABLE_STRICT_OBJC_MSGSEND = YES;
				ENABLE_TESTABILITY = YES;
				ENABLE_USER_SCRIPT_SANDBOXING = YES;
				GCC_C_LANGUAGE_STANDARD = gnu17;
				GCC_DYNAMIC_NO_PIC = NO;
				GCC_NO_COMMON_BLOCKS = YES;
				GCC_OPTIMIZATION_LEVEL = 0;
				GCC_PREPROCESSOR_DEFINITIONS = (
					"DEBUG=1",
					"$(inherited)",
				);
				GCC_WARN_64_TO_32_BIT_CONVERSION = YES;
				GCC_WARN_ABOUT_RETURN_TYPE = YES_ERROR;
				GCC_WARN_UNDECLARED_SELECTOR = YES;
				GCC_WARN_UNINITIALIZED_AUTOS = YES_AGGRESSIVE;
				GCC_WARN_UNUSED_FUNCTION = YES;
				GCC_WARN_UNUSED_VARIABLE = YES;
				IPHONEOS_DEPLOYMENT_TARGET = 18.0;
				LOCALIZATION_PREFERS_STRING_CATALOGS = YES;
				MTL_ENABLE_DEBUG_INFO = INCLUDE_SOURCE;
				MTL_FAST_MATH = YES;
				ONLY_ACTIVE_ARCH = YES;
				SDKROOT = iphoneos;
				SWIFT_ACTIVE_COMPILATION_CONDITIONS = "DEBUG $(inherited)";
				SWIFT_OPTIMIZATION_LEVEL = "-Onone";
			};
			name = Debug;
		};
		BBEE86472C3F3D1900B0070E /* Release */ = {
			isa = XCBuildConfiguration;
			buildSettings = {
				ALWAYS_SEARCH_USER_PATHS = NO;
				ASSETCATALOG_COMPILER_GENERATE_SWIFT_ASSET_SYMBOL_EXTENSIONS = YES;
				CLANG_ANALYZER_NONNULL = YES;
				CLANG_ANALYZER_NUMBER_OBJECT_CONVERSION = YES_AGGRESSIVE;
				CLANG_CXX_LANGUAGE_STANDARD = "gnu++20";
				CLANG_ENABLE_MODULES = YES;
				CLANG_ENABLE_OBJC_ARC = YES;
				CLANG_ENABLE_OBJC_WEAK = YES;
				CLANG_WARN_BLOCK_CAPTURE_AUTORELEASING = YES;
				CLANG_WARN_BOOL_CONVERSION = YES;
				CLANG_WARN_COMMA = YES;
				CLANG_WARN_CONSTANT_CONVERSION = YES;
				CLANG_WARN_DEPRECATED_OBJC_IMPLEMENTATIONS = YES;
				CLANG_WARN_DIRECT_OBJC_ISA_USAGE = YES_ERROR;
				CLANG_WARN_DOCUMENTATION_COMMENTS = YES;
				CLANG_WARN_EMPTY_BODY = YES;
				CLANG_WARN_ENUM_CONVERSION = YES;
				CLANG_WARN_INFINITE_RECURSION = YES;
				CLANG_WARN_INT_CONVERSION = YES;
				CLANG_WARN_NON_LITERAL_NULL_CONVERSION = YES;
				CLANG_WARN_OBJC_IMPLICIT_RETAIN_SELF = YES;
				CLANG_WARN_OBJC_LITERAL_CONVERSION = YES;
				CLANG_WARN_OBJC_ROOT_CLASS = YES_ERROR;
				CLANG_WARN_QUOTED_INCLUDE_IN_FRAMEWORK_HEADER = YES;
				CLANG_WARN_RANGE_LOOP_ANALYSIS = YES;
				CLANG_WARN_STRICT_PROTOTYPES = YES;
				CLANG_WARN_SUSPICIOUS_MOVE = YES;
				CLANG_WARN_UNGUARDED_AVAILABILITY = YES_AGGRESSIVE;
				CLANG_WARN_UNREACHABLE_CODE = YES;
				CLANG_WARN__DUPLICATE_METHOD_MATCH = YES;
				COPY_PHASE_STRIP = NO;
				DEBUG_INFORMATION_FORMAT = "dwarf-with-dsym";
				ENABLE_NS_ASSERTIONS = NO;
				ENABLE_STRICT_OBJC_MSGSEND = YES;
				ENABLE_USER_SCRIPT_SANDBOXING = YES;
				GCC_C_LANGUAGE_STANDARD = gnu17;
				GCC_NO_COMMON_BLOCKS = YES;
				GCC_WARN_64_TO_32_BIT_CONVERSION = YES;
				GCC_WARN_ABOUT_RETURN_TYPE = YES_ERROR;
				GCC_WARN_UNDECLARED_SELECTOR = YES;
				GCC_WARN_UNINITIALIZED_AUTOS = YES_AGGRESSIVE;
				GCC_WARN_UNUSED_FUNCTION = YES;
				GCC_WARN_UNUSED_VARIABLE = YES;
				IPHONEOS_DEPLOYMENT_TARGET = 18.0;
				LOCALIZATION_PREFERS_STRING_CATALOGS = YES;
				MTL_ENABLE_DEBUG_INFO = NO;
				MTL_FAST_MATH = YES;
				SDKROOT = iphoneos;
				SWIFT_COMPILATION_MODE = wholemodule;
				VALIDATE_PRODUCT = YES;
			};
			name = Release;
		};
		BBEE86492C3F3D1900B0070E /* Debug */ = {
			isa = XCBuildConfiguration;
			buildSettings = {
				ASSETCATALOG_COMPILER_APPICON_NAME = AppIcon;
				ASSETCATALOG_COMPILER_GLOBAL_ACCENT_COLOR_NAME = AccentColor;
				CODE_SIGN_STYLE = Automatic;
				CURRENT_PROJECT_VERSION = 1;
				DEVELOPMENT_ASSET_PATHS = "\"MeshGradients/Preview Content\"";
				DEVELOPMENT_TEAM = RKV4UP49S6;
				ENABLE_PREVIEWS = YES;
				GENERATE_INFOPLIST_FILE = YES;
				INFOPLIST_KEY_UIApplicationSceneManifest_Generation = YES;
				INFOPLIST_KEY_UIApplicationSupportsIndirectInputEvents = YES;
				INFOPLIST_KEY_UILaunchScreen_Generation = YES;
				INFOPLIST_KEY_UILaunchStoryboardName = "Launch Screen.storyboard";
				INFOPLIST_KEY_UISupportedInterfaceOrientations_iPad = "UIInterfaceOrientationPortrait UIInterfaceOrientationPortraitUpsideDown UIInterfaceOrientationLandscapeLeft UIInterfaceOrientationLandscapeRight";
				INFOPLIST_KEY_UISupportedInterfaceOrientations_iPhone = "UIInterfaceOrientationPortrait UIInterfaceOrientationLandscapeLeft UIInterfaceOrientationLandscapeRight";
				LD_RUNPATH_SEARCH_PATHS = (
					"$(inherited)",
					"@executable_path/Frameworks",
				);
				MARKETING_VERSION = 1.0;
				PRODUCT_BUNDLE_IDENTIFIER = createchsol.com.MeshGradients;
				PRODUCT_NAME = "$(TARGET_NAME)";
				SWIFT_EMIT_LOC_STRINGS = YES;
				SWIFT_VERSION = 5.0;
				TARGETED_DEVICE_FAMILY = "1,2";
			};
			name = Debug;
		};
		BBEE864A2C3F3D1900B0070E /* Release */ = {
			isa = XCBuildConfiguration;
			buildSettings = {
				ASSETCATALOG_COMPILER_APPICON_NAME = AppIcon;
				ASSETCATALOG_COMPILER_GLOBAL_ACCENT_COLOR_NAME = AccentColor;
				CODE_SIGN_STYLE = Automatic;
				CURRENT_PROJECT_VERSION = 1;
				DEVELOPMENT_ASSET_PATHS = "\"MeshGradients/Preview Content\"";
				DEVELOPMENT_TEAM = RKV4UP49S6;
				ENABLE_PREVIEWS = YES;
				GENERATE_INFOPLIST_FILE = YES;
				INFOPLIST_KEY_UIApplicationSceneManifest_Generation = YES;
				INFOPLIST_KEY_UIApplicationSupportsIndirectInputEvents = YES;
				INFOPLIST_KEY_UILaunchScreen_Generation = YES;
				INFOPLIST_KEY_UILaunchStoryboardName = "Launch Screen.storyboard";
				INFOPLIST_KEY_UISupportedInterfaceOrientations_iPad = "UIInterfaceOrientationPortrait UIInterfaceOrientationPortraitUpsideDown UIInterfaceOrientationLandscapeLeft UIInterfaceOrientationLandscapeRight";
				INFOPLIST_KEY_UISupportedInterfaceOrientations_iPhone = "UIInterfaceOrientationPortrait UIInterfaceOrientationLandscapeLeft UIInterfaceOrientationLandscapeRight";
				LD_RUNPATH_SEARCH_PATHS = (
					"$(inherited)",
					"@executable_path/Frameworks",
				);
				MARKETING_VERSION = 1.0;
				PRODUCT_BUNDLE_IDENTIFIER = createchsol.com.MeshGradients;
				PRODUCT_NAME = "$(TARGET_NAME)";
				SWIFT_EMIT_LOC_STRINGS = YES;
				SWIFT_VERSION = 5.0;
				TARGETED_DEVICE_FAMILY = "1,2";
			};
			name = Release;
		};
/* End XCBuildConfiguration section */

/* Begin XCConfigurationList section */
		BBEE86352C3F3D1800B0070E /* Build configuration list for PBXProject "MeshGradients" */ = {
			isa = XCConfigurationList;
			buildConfigurations = (
				BBEE86462C3F3D1900B0070E /* Debug */,
				BBEE86472C3F3D1900B0070E /* Release */,
			);
			defaultConfigurationIsVisible = 0;
			defaultConfigurationName = Release;
		};
		BBEE86482C3F3D1900B0070E /* Build configuration list for PBXNativeTarget "MeshGradients" */ = {
			isa = XCConfigurationList;
			buildConfigurations = (
				BBEE86492C3F3D1900B0070E /* Debug */,
				BBEE864A2C3F3D1900B0070E /* Release */,
			);
			defaultConfigurationIsVisible = 0;
			defaultConfigurationName = Release;
		};
/* End XCConfigurationList section */
	};
	rootObject = BBEE86322C3F3D1800B0070E /* Project object */;
}
